
Microsoft Visual Studio Solution File, Format Version 12.00
# Visual Studio Version 17
VisualStudioVersion = 17.2.32602.215
MinimumVisualStudioVersion = 10.0.40219.1
Project("{FAE04EC0-301F-11D3-BF4B-00C04F79EFBC}") = "Insure.X.Client", "Insure.X.Client\Insure.X.Client.csproj", "{C85ED2BA-7BA0-4622-893A-19ECF92977B8}"
EndProject
Project("{FAE04EC0-301F-11D3-BF4B-00C04F79EFBC}") = "Insure.X.Investment", "Insure.X.Investment\Insure.X.Investment.csproj", "{440D183B-7C67-4A9D-99BB-7199A7A6EBD1}"
EndProject
Project("{FAE04EC0-301F-11D3-BF4B-00C04F79EFBC}") = "Insure.X.Domain", "Insure.X.Domain\Insure.X.Domain.csproj", "{7852BE83-F00F-4398-B3CA-B55C5585055A}"
EndProject
Project("{FAE04EC0-301F-11D3-BF4B-00C04F79EFBC}") = "Insure.X.Api", "Insure.X.Api\Insure.X.Api.csproj", "{BD41E68D-1ACB-4528-BF8F-A77754637202}"
EndProject
Project("{FAE04EC0-301F-11D3-BF4B-00C04F79EFBC}") = "Insure.X.Resource", "Insure.X.Resource\Insure.X.Resource.csproj", "{63046068-D16B-4920-AECD-5FCECD9C6955}"
EndProject
Global
	GlobalSection(SolutionConfigurationPlatforms) = preSolution
		Debug|Any CPU = Debug|Any CPU
		Release|Any CPU = Release|Any CPU
	EndGlobalSection
	GlobalSection(ProjectConfigurationPlatforms) = postSolution
		{C85ED2BA-7BA0-4622-893A-19ECF92977B8}.Debug|Any CPU.ActiveCfg = Debug|Any CPU
		{C85ED2BA-7BA0-4622-893A-19ECF92977B8}.Debug|Any CPU.Build.0 = Debug|Any CPU
		{C85ED2BA-7BA0-4622-893A-19ECF92977B8}.Release|Any CPU.ActiveCfg = Release|Any CPU
		{C85ED2BA-7BA0-4622-893A-19ECF92977B8}.Release|Any CPU.Build.0 = Release|Any CPU
		{440D183B-7C67-4A9D-99BB-7199A7A6EBD1}.Debug|Any CPU.ActiveCfg = Debug|Any CPU
		{440D183B-7C67-4A9D-99BB-7199A7A6EBD1}.Debug|Any CPU.Build.0 = Debug|Any CPU
		{440D183B-7C67-4A9D-99BB-7199A7A6EBD1}.Release|Any CPU.ActiveCfg = Release|Any CPU
		{440D183B-7C67-4A9D-99BB-7199A7A6EBD1}.Release|Any CPU.Build.0 = Release|Any CPU
		{7852BE83-F00F-4398-B3CA-B55C5585055A}.Debug|Any CPU.ActiveCfg = Debug|Any CPU
		{7852BE83-F00F-4398-B3CA-B55C5585055A}.Debug|Any CPU.Build.0 = Debug|Any CPU
		{7852BE83-F00F-4398-B3CA-B55C5585055A}.Release|Any CPU.ActiveCfg = Release|Any CPU
		{7852BE83-F00F-4398-B3CA-B55C5585055A}.Release|Any CPU.Build.0 = Release|Any CPU
		{BD41E68D-1ACB-4528-BF8F-A77754637202}.Debug|Any CPU.ActiveCfg = Debug|Any CPU
		{BD41E68D-1ACB-4528-BF8F-A77754637202}.Debug|Any CPU.Build.0 = Debug|Any CPU
		{BD41E68D-1ACB-4528-BF8F-A77754637202}.Release|Any CPU.ActiveCfg = Release|Any CPU
		{BD41E68D-1ACB-4528-BF8F-A77754637202}.Release|Any CPU.Build.0 = Release|Any CPU
		{63046068-D16B-4920-AECD-5FCECD9C6955}.Debug|Any CPU.ActiveCfg = Debug|Any CPU
		{63046068-D16B-4920-AECD-5FCECD9C6955}.Debug|Any CPU.Build.0 = Debug|Any CPU
		{63046068-D16B-4920-AECD-5FCECD9C6955}.Release|Any CPU.ActiveCfg = Release|Any CPU
		{63046068-D16B-4920-AECD-5FCECD9C6955}.Release|Any CPU.Build.0 = Release|Any CPU
	EndGlobalSection
	GlobalSection(SolutionProperties) = preSolution
		HideSolutionNode = FALSE
	EndGlobalSection
	GlobalSection(ExtensibilityGlobals) = postSolution
		SolutionGuid = {9D59E451-8554-4D63-9FE5-8ACAD1C81060}
	EndGlobalSection
EndGlobal
